
Microsoft Visual Studio Solution File, Format Version 12.00
# Visual Studio Version 17
VisualStudioVersion = 17.5.33424.131
MinimumVisualStudioVersion = 10.0.40219.1
Project("{FAE04EC0-301F-11D3-BF4B-00C04F79EFBC}") = "realProject", "realProject\realProject.csproj", "{634A1477-EC47-4206-BE07-B490967A5853}"
EndProject
Project("{2150E333-8FDC-42A3-9474-1A3956D46DE8}") = "Solution Items", "Solution Items", "{961AB17A-23F3-4389-9E82-792FCD46C0BF}"
	ProjectSection(SolutionItems) = preProject
		.editorconfig = .editorconfig
		realProject\Resources\C#-final-pics\adminPage.png = realProject\Resources\C#-final-pics\adminPage.png
		README.md = README.md
	EndProjectSection
EndProject
Global
	GlobalSection(SolutionConfigurationPlatforms) = preSolution
		Debug|Any CPU = Debug|Any CPU
		Release|Any CPU = Release|Any CPU
	EndGlobalSection
	GlobalSection(ProjectConfigurationPlatforms) = postSolution
		{634A1477-EC47-4206-BE07-B490967A5853}.Debug|Any CPU.ActiveCfg = Debug|Any CPU
		{634A1477-EC47-4206-BE07-B490967A5853}.Debug|Any CPU.Build.0 = Debug|Any CPU
		{634A1477-EC47-4206-BE07-B490967A5853}.Release|Any CPU.ActiveCfg = Release|Any CPU
		{634A1477-EC47-4206-BE07-B490967A5853}.Release|Any CPU.Build.0 = Release|Any CPU
	EndGlobalSection
	GlobalSection(SolutionProperties) = preSolution
		HideSolutionNode = FALSE
	EndGlobalSection
	GlobalSection(ExtensibilityGlobals) = postSolution
		SolutionGuid = {6CB9767F-4748-4DBE-B085-4A0E097F2436}
	EndGlobalSection
EndGlobal
